
Microsoft Visual Studio Solution File, Format Version 12.00
# Visual Studio Version 17
VisualStudioVersion = 17.9.34728.123
MinimumVisualStudioVersion = 10.0.40219.1
Project("{FAE04EC0-301F-11D3-BF4B-00C04F79EFBC}") = "Contact_System", "Contact_System.csproj", "{02638A5B-2FF0-4A0D-97E7-6B12BFBC58C7}"
EndProject
Global
	GlobalSection(SolutionConfigurationPlatforms) = preSolution
		Debug|Any CPU = Debug|Any CPU
		Release|Any CPU = Release|Any CPU
	EndGlobalSection
	GlobalSection(ProjectConfigurationPlatforms) = postSolution
		{02638A5B-2FF0-4A0D-97E7-6B12BFBC58C7}.Debug|Any CPU.ActiveCfg = Debug|Any CPU
		{02638A5B-2FF0-4A0D-97E7-6B12BFBC58C7}.Debug|Any CPU.Build.0 = Debug|Any CPU
		{02638A5B-2FF0-4A0D-97E7-6B12BFBC58C7}.Release|Any CPU.ActiveCfg = Release|Any CPU
		{02638A5B-2FF0-4A0D-97E7-6B12BFBC58C7}.Release|Any CPU.Build.0 = Release|Any CPU
	EndGlobalSection
	GlobalSection(SolutionProperties) = preSolution
		HideSolutionNode = FALSE
	EndGlobalSection
	GlobalSection(ExtensibilityGlobals) = postSolution
		SolutionGuid = {25951B7D-BDE8-435A-8A37-1DCD1D63AEB8}
	EndGlobalSection
EndGlobal
